
Microsoft Visual Studio Solution File, Format Version 12.00
# Visual Studio 2012
Project("{FAE04EC0-301F-11D3-BF4B-00C04F79EFBC}") = "GypiAutoUpdater", "GypiAutoUpdater\GypiAutoUpdater.csproj", "{90585FFF-1D74-4630-B454-4C83A93B424B}"
EndProject
Global
	GlobalSection(SolutionConfigurationPlatforms) = preSolution
		Debug|Any CPU = Debug|Any CPU
		Release|Any CPU = Release|Any CPU
	EndGlobalSection
	GlobalSection(ProjectConfigurationPlatforms) = postSolution
		{90585FFF-1D74-4630-B454-4C83A93B424B}.Debug|Any CPU.ActiveCfg = Debug|Any CPU
		{90585FFF-1D74-4630-B454-4C83A93B424B}.Debug|Any CPU.Build.0 = Debug|Any CPU
		{90585FFF-1D74-4630-B454-4C83A93B424B}.Release|Any CPU.ActiveCfg = Release|Any CPU
		{90585FFF-1D74-4630-B454-4C83A93B424B}.Release|Any CPU.Build.0 = Release|Any CPU
	EndGlobalSection
	GlobalSection(SolutionProperties) = preSolution
		HideSolutionNode = FALSE
	EndGlobalSection
EndGlobal
